// !$*UTF8*$!
{
	archiveVersion = 1;
	classes = {
	};
	objectVersion = 55;
	objects = {

/* Begin PBXBuildFile section */
		2C5829C828B2A72200FF1CBA /* RobotsVC.swift in Sources */ = {isa = PBXBuildFile; fileRef = 2C5829C728B2A72200FF1CBA /* RobotsVC.swift */; };
		2C5829CA28B2ABAB00FF1CBA /* CreatureType .swift in Sources */ = {isa = PBXBuildFile; fileRef = 2C5829C928B2ABAB00FF1CBA /* CreatureType .swift */; };
		2C7AD45228AD7ACF00330BEE /* AnimalsVC.swift in Sources */ = {isa = PBXBuildFile; fileRef = 2C7AD45128AD7ACF00330BEE /* AnimalsVC.swift */; };
		2C7AD45428AD7AE800330BEE /* AliensVC.swift in Sources */ = {isa = PBXBuildFile; fileRef = 2C7AD45328AD7AE800330BEE /* AliensVC.swift */; };
		2C8CD21228A95FC80078A903 /* AppDelegate.swift in Sources */ = {isa = PBXBuildFile; fileRef = 2C8CD21128A95FC80078A903 /* AppDelegate.swift */; };
		2C8CD21428A95FC80078A903 /* SceneDelegate.swift in Sources */ = {isa = PBXBuildFile; fileRef = 2C8CD21328A95FC80078A903 /* SceneDelegate.swift */; };
		2C8CD21628A95FC80078A903 /* LogInViewController.swift in Sources */ = {isa = PBXBuildFile; fileRef = 2C8CD21528A95FC80078A903 /* LogInViewController.swift */; };
		2C8CD21928A95FC80078A903 /* Main.storyboard in Resources */ = {isa = PBXBuildFile; fileRef = 2C8CD21728A95FC80078A903 /* Main.storyboard */; };
		2C8CD21B28A95FC90078A903 /* Assets.xcassets in Resources */ = {isa = PBXBuildFile; fileRef = 2C8CD21A28A95FC90078A903 /* Assets.xcassets */; };
		2C8CD21E28A95FC90078A903 /* LaunchScreen.storyboard in Resources */ = {isa = PBXBuildFile; fileRef = 2C8CD21C28A95FC90078A903 /* LaunchScreen.storyboard */; };
		2C8D237D28AD8A8D0008A375 /* shutterstock-1.pdf in Resources */ = {isa = PBXBuildFile; fileRef = 2C8D237C28AD8A8D0008A375 /* shutterstock-1.pdf */; };
/* End PBXBuildFile section */

/* Begin PBXFileReference section */
		2C5829C728B2A72200FF1CBA /* RobotsVC.swift */ = {isa = PBXFileReference; lastKnownFileType = sourcecode.swift; path = RobotsVC.swift; sourceTree = "<group>"; };
		2C5829C928B2ABAB00FF1CBA /* CreatureType .swift */ = {isa = PBXFileReference; lastKnownFileType = sourcecode.swift; path = "CreatureType .swift"; sourceTree = "<group>"; };
		2C7AD45128AD7ACF00330BEE /* AnimalsVC.swift */ = {isa = PBXFileReference; lastKnownFileType = sourcecode.swift; path = AnimalsVC.swift; sourceTree = "<group>"; };
		2C7AD45328AD7AE800330BEE /* AliensVC.swift */ = {isa = PBXFileReference; lastKnownFileType = sourcecode.swift; path = AliensVC.swift; sourceTree = "<group>"; };
		2C8CD20E28A95FC80078A903 /* myLogInApp.app */ = {isa = PBXFileReference; explicitFileType = wrapper.application; includeInIndex = 0; path = myLogInApp.app; sourceTree = BUILT_PRODUCTS_DIR; };
		2C8CD21128A95FC80078A903 /* AppDelegate.swift */ = {isa = PBXFileReference; lastKnownFileType = sourcecode.swift; path = AppDelegate.swift; sourceTree = "<group>"; };
		2C8CD21328A95FC80078A903 /* SceneDelegate.swift */ = {isa = PBXFileReference; lastKnownFileType = sourcecode.swift; path = SceneDelegate.swift; sourceTree = "<group>"; };
		2C8CD21528A95FC80078A903 /* LogInViewController.swift */ = {isa = PBXFileReference; lastKnownFileType = sourcecode.swift; path = LogInViewController.swift; sourceTree = "<group>"; };
		2C8CD21828A95FC80078A903 /* Base */ = {isa = PBXFileReference; lastKnownFileType = file.storyboard; name = Base; path = Base.lproj/Main.storyboard; sourceTree = "<group>"; };
		2C8CD21A28A95FC90078A903 /* Assets.xcassets */ = {isa = PBXFileReference; lastKnownFileType = folder.assetcatalog; path = Assets.xcassets; sourceTree = "<group>"; };
		2C8CD21D28A95FC90078A903 /* Base */ = {isa = PBXFileReference; lastKnownFileType = file.storyboard; name = Base; path = Base.lproj/LaunchScreen.storyboard; sourceTree = "<group>"; };
		2C8CD21F28A95FC90078A903 /* Info.plist */ = {isa = PBXFileReference; lastKnownFileType = text.plist.xml; path = Info.plist; sourceTree = "<group>"; };
		2C8D237C28AD8A8D0008A375 /* shutterstock-1.pdf */ = {isa = PBXFileReference; lastKnownFileType = image.pdf; path = "shutterstock-1.pdf"; sourceTree = "<group>"; };
/* End PBXFileReference section */

/* Begin PBXFrameworksBuildPhase section */
		2C8CD20B28A95FC80078A903 /* Frameworks */ = {
			isa = PBXFrameworksBuildPhase;
			buildActionMask = 2147483647;
			files = (
			);
			runOnlyForDeploymentPostprocessing = 0;
		};
/* End PBXFrameworksBuildPhase section */

/* Begin PBXGroup section */
		2C8CD20528A95FC80078A903 = {
			isa = PBXGroup;
			children = (
				2C8CD21028A95FC80078A903 /* myLogInApp */,
				2C8CD20F28A95FC80078A903 /* Products */,
			);
			sourceTree = "<group>";
		};
		2C8CD20F28A95FC80078A903 /* Products */ = {
			isa = PBXGroup;
			children = (
				2C8CD20E28A95FC80078A903 /* myLogInApp.app */,
			);
			name = Products;
			sourceTree = "<group>";
		};
		2C8CD21028A95FC80078A903 /* myLogInApp */ = {
			isa = PBXGroup;
			children = (
				2C8D237E28AEAE080008A375 /* ViewControllers */,
				2C8D237F28AEAE360008A375 /* Models */,
				2C8D238028AEAE650008A375 /* Extentions */,
				2C8CD21128A95FC80078A903 /* AppDelegate.swift */,
				2C8CD21328A95FC80078A903 /* SceneDelegate.swift */,
				2C8D238128AEAEA00008A375 /* Storyboards */,
				2C8CD21728A95FC80078A903 /* Main.storyboard */,
				2C8CD21A28A95FC90078A903 /* Assets.xcassets */,
				2C8D237C28AD8A8D0008A375 /* shutterstock-1.pdf */,
				2C8CD21C28A95FC90078A903 /* LaunchScreen.storyboard */,
				2C8CD21F28A95FC90078A903 /* Info.plist */,
			);
			path = myLogInApp;
			sourceTree = "<group>";
		};
		2C8D237E28AEAE080008A375 /* ViewControllers */ = {
			isa = PBXGroup;
			children = (
				2C7AD45128AD7ACF00330BEE /* AnimalsVC.swift */,
				2C7AD45328AD7AE800330BEE /* AliensVC.swift */,
				2C5829C728B2A72200FF1CBA /* RobotsVC.swift */,
				2C8CD21528A95FC80078A903 /* LogInViewController.swift */,
			);
			path = ViewControllers;
			sourceTree = "<group>";
		};
		2C8D237F28AEAE360008A375 /* Models */ = {
			isa = PBXGroup;
			children = (
				2C5829C928B2ABAB00FF1CBA /* CreatureType .swift */,
			);
			path = Models;
			sourceTree = "<group>";
		};
		2C8D238028AEAE650008A375 /* Extentions */ = {
			isa = PBXGroup;
			children = (
			);
			path = Extentions;
			sourceTree = "<group>";
		};
		2C8D238128AEAEA00008A375 /* Storyboards */ = {
			isa = PBXGroup;
			children = (
			);
			path = Storyboards;
			sourceTree = "<group>";
		};
/* End PBXGroup section */

/* Begin PBXNativeTarget section */
		2C8CD20D28A95FC80078A903 /* myLogInApp */ = {
			isa = PBXNativeTarget;
			buildConfigurationList = 2C8CD22228A95FC90078A903 /* Build configuration list for PBXNativeTarget "myLogInApp" */;
			buildPhases = (
				2C8CD20A28A95FC80078A903 /* Sources */,
				2C8CD20B28A95FC80078A903 /* Frameworks */,
				2C8CD20C28A95FC80078A903 /* Resources */,
			);
			buildRules = (
			);
			dependencies = (
			);
			name = myLogInApp;
			productName = myLogInApp;
			productReference = 2C8CD20E28A95FC80078A903 /* myLogInApp.app */;
			productType = "com.apple.product-type.application";
		};
/* End PBXNativeTarget section */

/* Begin PBXProject section */
		2C8CD20628A95FC80078A903 /* Project object */ = {
			isa = PBXProject;
			attributes = {
				BuildIndependentTargetsInParallel = 1;
				LastSwiftUpdateCheck = 1340;
				LastUpgradeCheck = 1340;
				TargetAttributes = {
					2C8CD20D28A95FC80078A903 = {
						CreatedOnToolsVersion = 13.4.1;
					};
				};
			};
			buildConfigurationList = 2C8CD20928A95FC80078A903 /* Build configuration list for PBXProject "myLogInApp" */;
			compatibilityVersion = "Xcode 13.0";
			developmentRegion = en;
			hasScannedForEncodings = 0;
			knownRegions = (
				en,
				Base,
			);
			mainGroup = 2C8CD20528A95FC80078A903;
			productRefGroup = 2C8CD20F28A95FC80078A903 /* Products */;
			projectDirPath = "";
			projectRoot = "";
			targets = (
				2C8CD20D28A95FC80078A903 /* myLogInApp */,
			);
		};
/* End PBXProject section */

/* Begin PBXResourcesBuildPhase section */
		2C8CD20C28A95FC80078A903 /* Resources */ = {
			isa = PBXResourcesBuildPhase;
			buildActionMask = 2147483647;
			files = (
				2C8CD21E28A95FC90078A903 /* LaunchScreen.storyboard in Resources */,
				2C8CD21B28A95FC90078A903 /* Assets.xcassets in Resources */,
				2C8CD21928A95FC80078A903 /* Main.storyboard in Resources */,
				2C8D237D28AD8A8D0008A375 /* shutterstock-1.pdf in Resources */,
			);
			runOnlyForDeploymentPostprocessing = 0;
		};
/* End PBXResourcesBuildPhase section */

/* Begin PBXSourcesBuildPhase section */
		2C8CD20A28A95FC80078A903 /* Sources */ = {
			isa = PBXSourcesBuildPhase;
			buildActionMask = 2147483647;
			files = (
				2C8CD21628A95FC80078A903 /* LogInViewController.swift in Sources */,
				2C7AD45428AD7AE800330BEE /* AliensVC.swift in Sources */,
				2C8CD21228A95FC80078A903 /* AppDelegate.swift in Sources */,
				2C8CD21428A95FC80078A903 /* SceneDelegate.swift in Sources */,
				2C7AD45228AD7ACF00330BEE /* AnimalsVC.swift in Sources */,
				2C5829C828B2A72200FF1CBA /* RobotsVC.swift in Sources */,
				2C5829CA28B2ABAB00FF1CBA /* CreatureType .swift in Sources */,
			);
			runOnlyForDeploymentPostprocessing = 0;
		};
/* End PBXSourcesBuildPhase section */

/* Begin PBXVariantGroup section */
		2C8CD21728A95FC80078A903 /* Main.storyboard */ = {
			isa = PBXVariantGroup;
			children = (
				2C8CD21828A95FC80078A903 /* Base */,
			);
			name = Main.storyboard;
			sourceTree = "<group>";
		};
		2C8CD21C28A95FC90078A903 /* LaunchScreen.storyboard */ = {
			isa = PBXVariantGroup;
			children = (
				2C8CD21D28A95FC90078A903 /* Base */,
			);
			name = LaunchScreen.storyboard;
			sourceTree = "<group>";
		};
/* End PBXVariantGroup section */

/* Begin XCBuildConfiguration section */
		2C8CD22028A95FC90078A903 /* Debug */ = {
			isa = XCBuildConfiguration;
			buildSettings = {
				ALWAYS_SEARCH_USER_PATHS = NO;
				CLANG_ANALYZER_NONNULL = YES;
				CLANG_ANALYZER_NUMBER_OBJECT_CONVERSION = YES_AGGRESSIVE;
				CLANG_CXX_LANGUAGE_STANDARD = "gnu++17";
				CLANG_ENABLE_MODULES = YES;
				CLANG_ENABLE_OBJC_ARC = YES;
				CLANG_ENABLE_OBJC_WEAK = YES;
				CLANG_WARN_BLOCK_CAPTURE_AUTORELEASING = YES;
				CLANG_WARN_BOOL_CONVERSION = YES;
				CLANG_WARN_COMMA = YES;
				CLANG_WARN_CONSTANT_CONVERSION = YES;
				CLANG_WARN_DEPRECATED_OBJC_IMPLEMENTATIONS = YES;
				CLANG_WARN_DIRECT_OBJC_ISA_USAGE = YES_ERROR;
				CLANG_WARN_DOCUMENTATION_COMMENTS = YES;
				CLANG_WARN_EMPTY_BODY = YES;
				CLANG_WARN_ENUM_CONVERSION = YES;
				CLANG_WARN_INFINITE_RECURSION = YES;
				CLANG_WARN_INT_CONVERSION = YES;
				CLANG_WARN_NON_LITERAL_NULL_CONVERSION = YES;
				CLANG_WARN_OBJC_IMPLICIT_RETAIN_SELF = YES;
				CLANG_WARN_OBJC_LITERAL_CONVERSION = YES;
				CLANG_WARN_OBJC_ROOT_CLASS = YES_ERROR;
				CLANG_WARN_QUOTED_INCLUDE_IN_FRAMEWORK_HEADER = YES;
				CLANG_WARN_RANGE_LOOP_ANALYSIS = YES;
				CLANG_WARN_STRICT_PROTOTYPES = YES;
				CLANG_WARN_SUSPICIOUS_MOVE = YES;
				CLANG_WARN_UNGUARDED_AVAILABILITY = YES_AGGRESSIVE;
				CLANG_WARN_UNREACHABLE_CODE = YES;
				CLANG_WARN__DUPLICATE_METHOD_MATCH = YES;
				COPY_PHASE_STRIP = NO;
				DEBUG_INFORMATION_FORMAT = dwarf;
				ENABLE_STRICT_OBJC_MSGSEND = YES;
				ENABLE_TESTABILITY = YES;
				GCC_C_LANGUAGE_STANDARD = gnu11;
				GCC_DYNAMIC_NO_PIC = NO;
				GCC_NO_COMMON_BLOCKS = YES;
				GCC_OPTIMIZATION_LEVEL = 0;
				GCC_PREPROCESSOR_DEFINITIONS = (
					"DEBUG=1",
					"$(inherited)",
				);
				GCC_WARN_64_TO_32_BIT_CONVERSION = YES;
				GCC_WARN_ABOUT_RETURN_TYPE = YES_ERROR;
				GCC_WARN_UNDECLARED_SELECTOR = YES;
				GCC_WARN_UNINITIALIZED_AUTOS = YES_AGGRESSIVE;
				GCC_WARN_UNUSED_FUNCTION = YES;
				GCC_WARN_UNUSED_VARIABLE = YES;
				IPHONEOS_DEPLOYMENT_TARGET = 15.5;
				MTL_ENABLE_DEBUG_INFO = INCLUDE_SOURCE;
				MTL_FAST_MATH = YES;
				ONLY_ACTIVE_ARCH = YES;
				SDKROOT = iphoneos;
				SWIFT_ACTIVE_COMPILATION_CONDITIONS = DEBUG;
				SWIFT_OPTIMIZATION_LEVEL = "-Onone";
			};
			name = Debug;
		};
		2C8CD22128A95FC90078A903 /* Release */ = {
			isa = XCBuildConfiguration;
			buildSettings = {
				ALWAYS_SEARCH_USER_PATHS = NO;
				CLANG_ANALYZER_NONNULL = YES;
				CLANG_ANALYZER_NUMBER_OBJECT_CONVERSION = YES_AGGRESSIVE;
				CLANG_CXX_LANGUAGE_STANDARD = "gnu++17";
				CLANG_ENABLE_MODULES = YES;
				CLANG_ENABLE_OBJC_ARC = YES;
				CLANG_ENABLE_OBJC_WEAK = YES;
				CLANG_WARN_BLOCK_CAPTURE_AUTORELEASING = YES;
				CLANG_WARN_BOOL_CONVERSION = YES;
				CLANG_WARN_COMMA = YES;
				CLANG_WARN_CONSTANT_CONVERSION = YES;
				CLANG_WARN_DEPRECATED_OBJC_IMPLEMENTATIONS = YES;
				CLANG_WARN_DIRECT_OBJC_ISA_USAGE = YES_ERROR;
				CLANG_WARN_DOCUMENTATION_COMMENTS = YES;
				CLANG_WARN_EMPTY_BODY = YES;
				CLANG_WARN_ENUM_CONVERSION = YES;
				CLANG_WARN_INFINITE_RECURSION = YES;
				CLANG_WARN_INT_CONVERSION = YES;
				CLANG_WARN_NON_LITERAL_NULL_CONVERSION = YES;
				CLANG_WARN_OBJC_IMPLICIT_RETAIN_SELF = YES;
				CLANG_WARN_OBJC_LITERAL_CONVERSION = YES;
				CLANG_WARN_OBJC_ROOT_CLASS = YES_ERROR;
				CLANG_WARN_QUOTED_INCLUDE_IN_FRAMEWORK_HEADER = YES;
				CLANG_WARN_RANGE_LOOP_ANALYSIS = YES;
				CLANG_WARN_STRICT_PROTOTYPES = YES;
				CLANG_WARN_SUSPICIOUS_MOVE = YES;
				CLANG_WARN_UNGUARDED_AVAILABILITY = YES_AGGRESSIVE;
				CLANG_WARN_UNREACHABLE_CODE = YES;
				CLANG_WARN__DUPLICATE_METHOD_MATCH = YES;
				COPY_PHASE_STRIP = NO;
				DEBUG_INFORMATION_FORMAT = "dwarf-with-dsym";
				ENABLE_NS_ASSERTIONS = NO;
				ENABLE_STRICT_OBJC_MSGSEND = YES;
				GCC_C_LANGUAGE_STANDARD = gnu11;
				GCC_NO_COMMON_BLOCKS = YES;
				GCC_WARN_64_TO_32_BIT_CONVERSION = YES;
				GCC_WARN_ABOUT_RETURN_TYPE = YES_ERROR;
				GCC_WARN_UNDECLARED_SELECTOR = YES;
				GCC_WARN_UNINITIALIZED_AUTOS = YES_AGGRESSIVE;
				GCC_WARN_UNUSED_FUNCTION = YES;
				GCC_WARN_UNUSED_VARIABLE = YES;
				IPHONEOS_DEPLOYMENT_TARGET = 15.5;
				MTL_ENABLE_DEBUG_INFO = NO;
				MTL_FAST_MATH = YES;
				SDKROOT = iphoneos;
				SWIFT_COMPILATION_MODE = wholemodule;
				SWIFT_OPTIMIZATION_LEVEL = "-O";
				VALIDATE_PRODUCT = YES;
			};
			name = Release;
		};
		2C8CD22328A95FC90078A903 /* Debug */ = {
			isa = XCBuildConfiguration;
			buildSettings = {
				ASSETCATALOG_COMPILER_APPICON_NAME = AppIcon;
				ASSETCATALOG_COMPILER_GLOBAL_ACCENT_COLOR_NAME = AccentColor;
				CODE_SIGN_STYLE = Automatic;
				CURRENT_PROJECT_VERSION = 1;
				DEVELOPMENT_TEAM = 8NS9F5293F;
				GENERATE_INFOPLIST_FILE = YES;
				INFOPLIST_FILE = myLogInApp/Info.plist;
				INFOPLIST_KEY_UIApplicationSupportsIndirectInputEvents = YES;
				INFOPLIST_KEY_UILaunchStoryboardName = LaunchScreen;
				INFOPLIST_KEY_UIMainStoryboardFile = Main;
				INFOPLIST_KEY_UISupportedInterfaceOrientations_iPad = "UIInterfaceOrientationPortrait UIInterfaceOrientationPortraitUpsideDown UIInterfaceOrientationLandscapeLeft UIInterfaceOrientationLandscapeRight";
				INFOPLIST_KEY_UISupportedInterfaceOrientations_iPhone = "UIInterfaceOrientationPortrait UIInterfaceOrientationLandscapeLeft UIInterfaceOrientationLandscapeRight";
				IPHONEOS_DEPLOYMENT_TARGET = 15.4;
				LD_RUNPATH_SEARCH_PATHS = (
					"$(inherited)",
					"@executable_path/Frameworks",
				);
				MARKETING_VERSION = 1.0;
				PRODUCT_BUNDLE_IDENTIFIER = com.pz.6891.myLogInApp;
				PRODUCT_NAME = "$(TARGET_NAME)";
				SWIFT_EMIT_LOC_STRINGS = YES;
				SWIFT_VERSION = 5.0;
				TARGETED_DEVICE_FAMILY = "1,2";
			};
			name = Debug;
		};
		2C8CD22428A95FC90078A903 /* Release */ = {
			isa = XCBuildConfiguration;
			buildSettings = {
				ASSETCATALOG_COMPILER_APPICON_NAME = AppIcon;
				ASSETCATALOG_COMPILER_GLOBAL_ACCENT_COLOR_NAME = AccentColor;
				CODE_SIGN_STYLE = Automatic;
				CURRENT_PROJECT_VERSION = 1;
				DEVELOPMENT_TEAM = 8NS9F5293F;
				GENERATE_INFOPLIST_FILE = YES;
				INFOPLIST_FILE = myLogInApp/Info.plist;
				INFOPLIST_KEY_UIApplicationSupportsIndirectInputEvents = YES;
				INFOPLIST_KEY_UILaunchStoryboardName = LaunchScreen;
				INFOPLIST_KEY_UIMainStoryboardFile = Main;
				INFOPLIST_KEY_UISupportedInterfaceOrientations_iPad = "UIInterfaceOrientationPortrait UIInterfaceOrientationPortraitUpsideDown UIInterfaceOrientationLandscapeLeft UIInterfaceOrientationLandscapeRight";
				INFOPLIST_KEY_UISupportedInterfaceOrientations_iPhone = "UIInterfaceOrientationPortrait UIInterfaceOrientationLandscapeLeft UIInterfaceOrientationLandscapeRight";
				IPHONEOS_DEPLOYMENT_TARGET = 15.4;
				LD_RUNPATH_SEARCH_PATHS = (
					"$(inherited)",
					"@executable_path/Frameworks",
				);
				MARKETING_VERSION = 1.0;
				PRODUCT_BUNDLE_IDENTIFIER = com.pz.6891.myLogInApp;
				PRODUCT_NAME = "$(TARGET_NAME)";
				SWIFT_EMIT_LOC_STRINGS = YES;
				SWIFT_VERSION = 5.0;
				TARGETED_DEVICE_FAMILY = "1,2";
			};
			name = Release;
		};
/* End XCBuildConfiguration section */

/* Begin XCConfigurationList section */
		2C8CD20928A95FC80078A903 /* Build configuration list for PBXProject "myLogInApp" */ = {
			isa = XCConfigurationList;
			buildConfigurations = (
				2C8CD22028A95FC90078A903 /* Debug */,
				2C8CD22128A95FC90078A903 /* Release */,
			);
			defaultConfigurationIsVisible = 0;
			defaultConfigurationName = Release;
		};
		2C8CD22228A95FC90078A903 /* Build configuration list for PBXNativeTarget "myLogInApp" */ = {
			isa = XCConfigurationList;
			buildConfigurations = (
				2C8CD22328A95FC90078A903 /* Debug */,
				2C8CD22428A95FC90078A903 /* Release */,
			);
			defaultConfigurationIsVisible = 0;
			defaultConfigurationName = Release;
		};
/* End XCConfigurationList section */
	};
	rootObject = 2C8CD20628A95FC80078A903 /* Project object */;
}
